
Microsoft Visual Studio Solution File, Format Version 11.00
# Visual Studio 2010
Project("{8BC9CEB8-8B4A-11D0-8D11-00A0C91BC942}") = "AdClientTest", "AdClientTest2015.vcxproj", "{6D58789E-1AAD-45D5-95C7-CC8FC9AC5CDA}"
EndProject
Global
	GlobalSection(SolutionConfigurationPlatforms) = preSolution
		Debug|Win32 = Debug|Win32
		Release|Win32 = Release|Win32
	EndGlobalSection
	GlobalSection(ProjectConfigurationPlatforms) = postSolution
		{6D58789E-1AAD-45D5-95C7-CC8FC9AC5CDA}.Debug|Win32.ActiveCfg = Debug|Win32
		{6D58789E-1AAD-45D5-95C7-CC8FC9AC5CDA}.Debug|Win32.Build.0 = Debug|Win32
		{6D58789E-1AAD-45D5-95C7-CC8FC9AC5CDA}.Release|Win32.ActiveCfg = Release|Win32
		{6D58789E-1AAD-45D5-95C7-CC8FC9AC5CDA}.Release|Win32.Build.0 = Release|Win32
	EndGlobalSection
	GlobalSection(SolutionProperties) = preSolution
		HideSolutionNode = FALSE
	EndGlobalSection
EndGlobal
